
Microsoft Visual Studio Solution File, Format Version 11.00
# Visual Studio 2010
Project("{2150E333-8FDC-42A3-9474-1A3956D46DE8}") = "Depend", "Depend", "{BA13D234-67C2-46FA-A0E4-726B13365D0D}"
EndProject
Project("{8BC9CEB8-8B4A-11D0-8D11-00A0C91BC942}") = "meditor2", "MEditor2\MEditor2.vcxproj", "{ADB8641F-CDA8-470D-B8CC-5CE1168465AA}"
	ProjectSection(ProjectDependencies) = postProject
		{E83123C0-35D3-47EB-AED0-224E22ADD240} = {E83123C0-35D3-47EB-AED0-224E22ADD240}
		{445560C2-7FBE-4157-BDF8-22DFB6CEDC12} = {445560C2-7FBE-4157-BDF8-22DFB6CEDC12}
		{80C783F3-3AF3-4D33-87CD-85C8641A96E9} = {80C783F3-3AF3-4D33-87CD-85C8641A96E9}
	EndProjectSection
EndProject
Project("{8BC9CEB8-8B4A-11D0-8D11-00A0C91BC942}") = "meditor2.en", "Other\meditor2_en\meditor2_en.vcxproj", "{A29D484B-0DCE-419C-A9A9-3B1F75C54ECE}"
EndProject
Project("{8BC9CEB8-8B4A-11D0-8D11-00A0C91BC942}") = "meditor2.tc", "Other\meditor2_tc\meditor2_tc.vcxproj", "{CE4F59E3-B75A-4DAA-B1F2-C4AD4C9EDEDD}"
EndProject
Project("{8BC9CEB8-8B4A-11D0-8D11-00A0C91BC942}") = "AdvComboBox", "Libs\AdvComboBox\AdvComboBox.vcxproj", "{80C783F3-3AF3-4D33-87CD-85C8641A96E9}"
EndProject
Project("{8BC9CEB8-8B4A-11D0-8D11-00A0C91BC942}") = "XListCtrlSS", "Libs\XListCtrl\XListCtrlLib\XListCtrlSS.vcxproj", "{E83123C0-35D3-47EB-AED0-224E22ADD240}"
EndProject
Project("{8BC9CEB8-8B4A-11D0-8D11-00A0C91BC942}") = "micons", "Other\micons\micons.vcxproj", "{28D9AFF3-79B4-48F6-9A1B-DF504BCEC824}"
EndProject
Project("{8BC9CEB8-8B4A-11D0-8D11-00A0C91BC942}") = "cximage", "Libs\CxImage\CxImage\cximage.vcxproj", "{3F4FF3AA-7D81-4D1B-A9D0-8BBFF4FB01F3}"
EndProject
Project("{8BC9CEB8-8B4A-11D0-8D11-00A0C91BC942}") = "Jpeg", "Libs\CxImage\jpeg\Jpeg.vcxproj", "{9592355B-59BD-4654-9D3E-904A99FFA615}"
EndProject
Project("{8BC9CEB8-8B4A-11D0-8D11-00A0C91BC942}") = "7z", "Libs\7z\Archive\7z\7z.vcxproj", "{445560C2-7FBE-4157-BDF8-22DFB6CEDC12}"
EndProject
Project("{8BC9CEB8-8B4A-11D0-8D11-00A0C91BC942}") = "massoc", "massoc\massoc.vcxproj", "{EF902F5A-0726-43CF-9C57-72449B8A5774}"
EndProject
Project("{8BC9CEB8-8B4A-11D0-8D11-00A0C91BC942}") = "meditor", "meditor3\meditor3.vcxproj", "{DAD7EBAE-E7BE-4617-BD38-4BCE8D5C1007}"
	ProjectSection(ProjectDependencies) = postProject
		{9592355B-59BD-4654-9D3E-904A99FFA615} = {9592355B-59BD-4654-9D3E-904A99FFA615}
		{9ADF38A4-4585-4F62-9371-4ACF62728EC3} = {9ADF38A4-4585-4F62-9371-4ACF62728EC3}
		{3F4FF3AA-7D81-4D1B-A9D0-8BBFF4FB01F3} = {3F4FF3AA-7D81-4D1B-A9D0-8BBFF4FB01F3}
		{445560C2-7FBE-4157-BDF8-22DFB6CEDC12} = {445560C2-7FBE-4157-BDF8-22DFB6CEDC12}
	EndProjectSection
EndProject
Project("{2150E333-8FDC-42A3-9474-1A3956D46DE8}") = "Other", "Other", "{D60CDDBB-937E-445A-BB84-CE60C264C5D9}"
EndProject
Project("{8BC9CEB8-8B4A-11D0-8D11-00A0C91BC942}") = "mloader", "Other\mloader\mloader.vcxproj", "{44E17AD0-CEEB-4A0A-9B8A-F49D9F9A6796}"
EndProject
Project("{8BC9CEB8-8B4A-11D0-8D11-00A0C91BC942}") = "minfo", "Other\mmediainfo\mmediainfo.vcxproj", "{9768985B-3629-4FA6-970E-32CA9783D6D6}"
EndProject
Project("{8BC9CEB8-8B4A-11D0-8D11-00A0C91BC942}") = "downloadLib", "Libs\Download\DownloadLib.vcxproj", "{9ADF38A4-4585-4F62-9371-4ACF62728EC3}"
EndProject
Global
	GlobalSection(SolutionConfigurationPlatforms) = preSolution
		Debug|Win32 = Debug|Win32
		Release_Large|Win32 = Release_Large|Win32
		Release_vc90|Win32 = Release_vc90|Win32
		Release|Win32 = Release|Win32
	EndGlobalSection
	GlobalSection(ProjectConfigurationPlatforms) = postSolution
		{ADB8641F-CDA8-470D-B8CC-5CE1168465AA}.Debug|Win32.ActiveCfg = Debug|Win32
		{ADB8641F-CDA8-470D-B8CC-5CE1168465AA}.Release_Large|Win32.ActiveCfg = Release|Win32
		{ADB8641F-CDA8-470D-B8CC-5CE1168465AA}.Release_Large|Win32.Build.0 = Release|Win32
		{ADB8641F-CDA8-470D-B8CC-5CE1168465AA}.Release_vc90|Win32.ActiveCfg = Release_vc90|Win32
		{ADB8641F-CDA8-470D-B8CC-5CE1168465AA}.Release_vc90|Win32.Build.0 = Release_vc90|Win32
		{ADB8641F-CDA8-470D-B8CC-5CE1168465AA}.Release|Win32.ActiveCfg = Release|Win32
		{ADB8641F-CDA8-470D-B8CC-5CE1168465AA}.Release|Win32.Build.0 = Release|Win32
		{A29D484B-0DCE-419C-A9A9-3B1F75C54ECE}.Debug|Win32.ActiveCfg = Release|Win32
		{A29D484B-0DCE-419C-A9A9-3B1F75C54ECE}.Release_Large|Win32.ActiveCfg = Release|Win32
		{A29D484B-0DCE-419C-A9A9-3B1F75C54ECE}.Release_Large|Win32.Build.0 = Release|Win32
		{A29D484B-0DCE-419C-A9A9-3B1F75C54ECE}.Release_vc90|Win32.ActiveCfg = Release_vc90|Win32
		{A29D484B-0DCE-419C-A9A9-3B1F75C54ECE}.Release_vc90|Win32.Build.0 = Release_vc90|Win32
		{A29D484B-0DCE-419C-A9A9-3B1F75C54ECE}.Release|Win32.ActiveCfg = Release|Win32
		{A29D484B-0DCE-419C-A9A9-3B1F75C54ECE}.Release|Win32.Build.0 = Release|Win32
		{CE4F59E3-B75A-4DAA-B1F2-C4AD4C9EDEDD}.Debug|Win32.ActiveCfg = Release|Win32
		{CE4F59E3-B75A-4DAA-B1F2-C4AD4C9EDEDD}.Release_Large|Win32.ActiveCfg = Release|Win32
		{CE4F59E3-B75A-4DAA-B1F2-C4AD4C9EDEDD}.Release_Large|Win32.Build.0 = Release|Win32
		{CE4F59E3-B75A-4DAA-B1F2-C4AD4C9EDEDD}.Release_vc90|Win32.ActiveCfg = Release_vc90|Win32
		{CE4F59E3-B75A-4DAA-B1F2-C4AD4C9EDEDD}.Release_vc90|Win32.Build.0 = Release_vc90|Win32
		{CE4F59E3-B75A-4DAA-B1F2-C4AD4C9EDEDD}.Release|Win32.ActiveCfg = Release|Win32
		{CE4F59E3-B75A-4DAA-B1F2-C4AD4C9EDEDD}.Release|Win32.Build.0 = Release|Win32
		{80C783F3-3AF3-4D33-87CD-85C8641A96E9}.Debug|Win32.ActiveCfg = Debug|Win32
		{80C783F3-3AF3-4D33-87CD-85C8641A96E9}.Release_Large|Win32.ActiveCfg = Release|Win32
		{80C783F3-3AF3-4D33-87CD-85C8641A96E9}.Release_Large|Win32.Build.0 = Release|Win32
		{80C783F3-3AF3-4D33-87CD-85C8641A96E9}.Release_vc90|Win32.ActiveCfg = Release_vc90|Win32
		{80C783F3-3AF3-4D33-87CD-85C8641A96E9}.Release_vc90|Win32.Build.0 = Release_vc90|Win32
		{80C783F3-3AF3-4D33-87CD-85C8641A96E9}.Release|Win32.ActiveCfg = Release|Win32
		{80C783F3-3AF3-4D33-87CD-85C8641A96E9}.Release|Win32.Build.0 = Release|Win32
		{E83123C0-35D3-47EB-AED0-224E22ADD240}.Debug|Win32.ActiveCfg = Debug|Win32
		{E83123C0-35D3-47EB-AED0-224E22ADD240}.Release_Large|Win32.ActiveCfg = Release|Win32
		{E83123C0-35D3-47EB-AED0-224E22ADD240}.Release_Large|Win32.Build.0 = Release|Win32
		{E83123C0-35D3-47EB-AED0-224E22ADD240}.Release_vc90|Win32.ActiveCfg = Release_vc90|Win32
		{E83123C0-35D3-47EB-AED0-224E22ADD240}.Release_vc90|Win32.Build.0 = Release_vc90|Win32
		{E83123C0-35D3-47EB-AED0-224E22ADD240}.Release|Win32.ActiveCfg = Release|Win32
		{E83123C0-35D3-47EB-AED0-224E22ADD240}.Release|Win32.Build.0 = Release|Win32
		{28D9AFF3-79B4-48F6-9A1B-DF504BCEC824}.Debug|Win32.ActiveCfg = Release|Win32
		{28D9AFF3-79B4-48F6-9A1B-DF504BCEC824}.Release_Large|Win32.ActiveCfg = Release_Large|Win32
		{28D9AFF3-79B4-48F6-9A1B-DF504BCEC824}.Release_Large|Win32.Build.0 = Release_Large|Win32
		{28D9AFF3-79B4-48F6-9A1B-DF504BCEC824}.Release_vc90|Win32.ActiveCfg = Release_vc90|Win32
		{28D9AFF3-79B4-48F6-9A1B-DF504BCEC824}.Release_vc90|Win32.Build.0 = Release_vc90|Win32
		{28D9AFF3-79B4-48F6-9A1B-DF504BCEC824}.Release|Win32.ActiveCfg = Release|Win32
		{28D9AFF3-79B4-48F6-9A1B-DF504BCEC824}.Release|Win32.Build.0 = Release|Win32
		{3F4FF3AA-7D81-4D1B-A9D0-8BBFF4FB01F3}.Debug|Win32.ActiveCfg = Debug|Win32
		{3F4FF3AA-7D81-4D1B-A9D0-8BBFF4FB01F3}.Release_Large|Win32.ActiveCfg = Release|Win32
		{3F4FF3AA-7D81-4D1B-A9D0-8BBFF4FB01F3}.Release_Large|Win32.Build.0 = Release|Win32
		{3F4FF3AA-7D81-4D1B-A9D0-8BBFF4FB01F3}.Release_vc90|Win32.ActiveCfg = Release_vc90|Win32
		{3F4FF3AA-7D81-4D1B-A9D0-8BBFF4FB01F3}.Release_vc90|Win32.Build.0 = Release_vc90|Win32
		{3F4FF3AA-7D81-4D1B-A9D0-8BBFF4FB01F3}.Release|Win32.ActiveCfg = Release|Win32
		{3F4FF3AA-7D81-4D1B-A9D0-8BBFF4FB01F3}.Release|Win32.Build.0 = Release|Win32
		{9592355B-59BD-4654-9D3E-904A99FFA615}.Debug|Win32.ActiveCfg = Debug|Win32
		{9592355B-59BD-4654-9D3E-904A99FFA615}.Release_Large|Win32.ActiveCfg = Release|Win32
		{9592355B-59BD-4654-9D3E-904A99FFA615}.Release_Large|Win32.Build.0 = Release|Win32
		{9592355B-59BD-4654-9D3E-904A99FFA615}.Release_vc90|Win32.ActiveCfg = Release_vc90|Win32
		{9592355B-59BD-4654-9D3E-904A99FFA615}.Release_vc90|Win32.Build.0 = Release_vc90|Win32
		{9592355B-59BD-4654-9D3E-904A99FFA615}.Release|Win32.ActiveCfg = Release|Win32
		{9592355B-59BD-4654-9D3E-904A99FFA615}.Release|Win32.Build.0 = Release|Win32
		{445560C2-7FBE-4157-BDF8-22DFB6CEDC12}.Debug|Win32.ActiveCfg = Debug|Win32
		{445560C2-7FBE-4157-BDF8-22DFB6CEDC12}.Release_Large|Win32.ActiveCfg = Release|x64
		{445560C2-7FBE-4157-BDF8-22DFB6CEDC12}.Release_vc90|Win32.ActiveCfg = Release_vc90|Win32
		{445560C2-7FBE-4157-BDF8-22DFB6CEDC12}.Release_vc90|Win32.Build.0 = Release_vc90|Win32
		{445560C2-7FBE-4157-BDF8-22DFB6CEDC12}.Release|Win32.ActiveCfg = Release|Win32
		{445560C2-7FBE-4157-BDF8-22DFB6CEDC12}.Release|Win32.Build.0 = Release|Win32
		{EF902F5A-0726-43CF-9C57-72449B8A5774}.Debug|Win32.ActiveCfg = Debug|Win32
		{EF902F5A-0726-43CF-9C57-72449B8A5774}.Debug|Win32.Build.0 = Debug|Win32
		{EF902F5A-0726-43CF-9C57-72449B8A5774}.Release_Large|Win32.ActiveCfg = Release|Win32
		{EF902F5A-0726-43CF-9C57-72449B8A5774}.Release_Large|Win32.Build.0 = Release|Win32
		{EF902F5A-0726-43CF-9C57-72449B8A5774}.Release_vc90|Win32.ActiveCfg = Release_vc90|Win32
		{EF902F5A-0726-43CF-9C57-72449B8A5774}.Release_vc90|Win32.Build.0 = Release_vc90|Win32
		{EF902F5A-0726-43CF-9C57-72449B8A5774}.Release|Win32.ActiveCfg = Release|Win32
		{EF902F5A-0726-43CF-9C57-72449B8A5774}.Release|Win32.Build.0 = Release|Win32
		{DAD7EBAE-E7BE-4617-BD38-4BCE8D5C1007}.Debug|Win32.ActiveCfg = Debug|Win32
		{DAD7EBAE-E7BE-4617-BD38-4BCE8D5C1007}.Debug|Win32.Build.0 = Debug|Win32
		{DAD7EBAE-E7BE-4617-BD38-4BCE8D5C1007}.Release_Large|Win32.ActiveCfg = Release|Win32
		{DAD7EBAE-E7BE-4617-BD38-4BCE8D5C1007}.Release_Large|Win32.Build.0 = Release|Win32
		{DAD7EBAE-E7BE-4617-BD38-4BCE8D5C1007}.Release_vc90|Win32.ActiveCfg = Release_vc90|Win32
		{DAD7EBAE-E7BE-4617-BD38-4BCE8D5C1007}.Release_vc90|Win32.Build.0 = Release_vc90|Win32
		{DAD7EBAE-E7BE-4617-BD38-4BCE8D5C1007}.Release|Win32.ActiveCfg = Release|Win32
		{DAD7EBAE-E7BE-4617-BD38-4BCE8D5C1007}.Release|Win32.Build.0 = Release|Win32
		{44E17AD0-CEEB-4A0A-9B8A-F49D9F9A6796}.Debug|Win32.ActiveCfg = Debug|Win32
		{44E17AD0-CEEB-4A0A-9B8A-F49D9F9A6796}.Debug|Win32.Build.0 = Debug|Win32
		{44E17AD0-CEEB-4A0A-9B8A-F49D9F9A6796}.Release_Large|Win32.ActiveCfg = Release|Win32
		{44E17AD0-CEEB-4A0A-9B8A-F49D9F9A6796}.Release_Large|Win32.Build.0 = Release|Win32
		{44E17AD0-CEEB-4A0A-9B8A-F49D9F9A6796}.Release_vc90|Win32.ActiveCfg = Release_vc90|Win32
		{44E17AD0-CEEB-4A0A-9B8A-F49D9F9A6796}.Release_vc90|Win32.Build.0 = Release_vc90|Win32
		{44E17AD0-CEEB-4A0A-9B8A-F49D9F9A6796}.Release|Win32.ActiveCfg = Release|Win32
		{44E17AD0-CEEB-4A0A-9B8A-F49D9F9A6796}.Release|Win32.Build.0 = Release|Win32
		{9768985B-3629-4FA6-970E-32CA9783D6D6}.Debug|Win32.ActiveCfg = Debug|Win32
		{9768985B-3629-4FA6-970E-32CA9783D6D6}.Debug|Win32.Build.0 = Debug|Win32
		{9768985B-3629-4FA6-970E-32CA9783D6D6}.Release_Large|Win32.ActiveCfg = Release|Win32
		{9768985B-3629-4FA6-970E-32CA9783D6D6}.Release_Large|Win32.Build.0 = Release|Win32
		{9768985B-3629-4FA6-970E-32CA9783D6D6}.Release_vc90|Win32.ActiveCfg = Release_vc90|Win32
		{9768985B-3629-4FA6-970E-32CA9783D6D6}.Release_vc90|Win32.Build.0 = Release_vc90|Win32
		{9768985B-3629-4FA6-970E-32CA9783D6D6}.Release|Win32.ActiveCfg = Release|Win32
		{9768985B-3629-4FA6-970E-32CA9783D6D6}.Release|Win32.Build.0 = Release|Win32
		{9ADF38A4-4585-4F62-9371-4ACF62728EC3}.Debug|Win32.ActiveCfg = Debug|Win32
		{9ADF38A4-4585-4F62-9371-4ACF62728EC3}.Debug|Win32.Build.0 = Debug|Win32
		{9ADF38A4-4585-4F62-9371-4ACF62728EC3}.Release_Large|Win32.ActiveCfg = Release|Win32
		{9ADF38A4-4585-4F62-9371-4ACF62728EC3}.Release_Large|Win32.Build.0 = Release|Win32
		{9ADF38A4-4585-4F62-9371-4ACF62728EC3}.Release_vc90|Win32.ActiveCfg = Release|Win32
		{9ADF38A4-4585-4F62-9371-4ACF62728EC3}.Release_vc90|Win32.Build.0 = Release|Win32
		{9ADF38A4-4585-4F62-9371-4ACF62728EC3}.Release|Win32.ActiveCfg = Release|Win32
		{9ADF38A4-4585-4F62-9371-4ACF62728EC3}.Release|Win32.Build.0 = Release|Win32
	EndGlobalSection
	GlobalSection(SolutionProperties) = preSolution
		HideSolutionNode = FALSE
	EndGlobalSection
	GlobalSection(NestedProjects) = preSolution
		{80C783F3-3AF3-4D33-87CD-85C8641A96E9} = {BA13D234-67C2-46FA-A0E4-726B13365D0D}
		{E83123C0-35D3-47EB-AED0-224E22ADD240} = {BA13D234-67C2-46FA-A0E4-726B13365D0D}
		{3F4FF3AA-7D81-4D1B-A9D0-8BBFF4FB01F3} = {BA13D234-67C2-46FA-A0E4-726B13365D0D}
		{9592355B-59BD-4654-9D3E-904A99FFA615} = {BA13D234-67C2-46FA-A0E4-726B13365D0D}
		{445560C2-7FBE-4157-BDF8-22DFB6CEDC12} = {BA13D234-67C2-46FA-A0E4-726B13365D0D}
		{9ADF38A4-4585-4F62-9371-4ACF62728EC3} = {BA13D234-67C2-46FA-A0E4-726B13365D0D}
		{CE4F59E3-B75A-4DAA-B1F2-C4AD4C9EDEDD} = {D60CDDBB-937E-445A-BB84-CE60C264C5D9}
		{28D9AFF3-79B4-48F6-9A1B-DF504BCEC824} = {D60CDDBB-937E-445A-BB84-CE60C264C5D9}
		{A29D484B-0DCE-419C-A9A9-3B1F75C54ECE} = {D60CDDBB-937E-445A-BB84-CE60C264C5D9}
		{44E17AD0-CEEB-4A0A-9B8A-F49D9F9A6796} = {D60CDDBB-937E-445A-BB84-CE60C264C5D9}
		{9768985B-3629-4FA6-970E-32CA9783D6D6} = {D60CDDBB-937E-445A-BB84-CE60C264C5D9}
	EndGlobalSection
EndGlobal
