
Microsoft Visual Studio Solution File, Format Version 10.00
# Visual Studio 2008
Project("{8BC9CEB8-8B4A-11D0-8D11-00A0C91BC942}") = "meditor2", "MEditor2\MEditor2.vcproj", "{ADB8641F-CDA8-470D-B8CC-5CE1168465AA}"
EndProject
Global
	GlobalSection(SolutionConfigurationPlatforms) = preSolution
		Debug Unicode|Win32 = Debug Unicode|Win32
		Debug|Win32 = Debug|Win32
		Release Unicode|Win32 = Release Unicode|Win32
		Release|Win32 = Release|Win32
	EndGlobalSection
	GlobalSection(ProjectConfigurationPlatforms) = postSolution
		{ADB8641F-CDA8-470D-B8CC-5CE1168465AA}.Debug Unicode|Win32.ActiveCfg = Debug Unicode|Win32
		{ADB8641F-CDA8-470D-B8CC-5CE1168465AA}.Debug Unicode|Win32.Build.0 = Debug Unicode|Win32
		{ADB8641F-CDA8-470D-B8CC-5CE1168465AA}.Debug|Win32.ActiveCfg = Debug|Win32
		{ADB8641F-CDA8-470D-B8CC-5CE1168465AA}.Debug|Win32.Build.0 = Debug|Win32
		{ADB8641F-CDA8-470D-B8CC-5CE1168465AA}.Release Unicode|Win32.ActiveCfg = Release Unicode|Win32
		{ADB8641F-CDA8-470D-B8CC-5CE1168465AA}.Release Unicode|Win32.Build.0 = Release Unicode|Win32
		{ADB8641F-CDA8-470D-B8CC-5CE1168465AA}.Release|Win32.ActiveCfg = Release|Win32
		{ADB8641F-CDA8-470D-B8CC-5CE1168465AA}.Release|Win32.Build.0 = Release|Win32
	EndGlobalSection
	GlobalSection(SolutionProperties) = preSolution
		HideSolutionNode = FALSE
	EndGlobalSection
EndGlobal
