
Microsoft Visual Studio Solution File, Format Version 10.00
# Visual Studio 2008
Project("{8BC9CEB8-8B4A-11D0-8D11-00A0C91BC942}") = "MEditor2", "MEditor2\MEditor2.vcproj", "{ADB8641F-CDA8-470D-B8CC-5CE1168465AA}"
	ProjectSection(ProjectDependencies) = postProject
		{9592355B-59BD-4654-9D3E-904A99FFA615} = {9592355B-59BD-4654-9D3E-904A99FFA615}
		{3F4FF3AA-7D81-4D1B-A9D0-8BBFF4FB01F3} = {3F4FF3AA-7D81-4D1B-A9D0-8BBFF4FB01F3}
		{900F86AC-C8E2-4861-95AF-E171DB4909FA} = {900F86AC-C8E2-4861-95AF-E171DB4909FA}
		{E83123C0-35D3-47EB-AED0-224E22ADD240} = {E83123C0-35D3-47EB-AED0-224E22ADD240}
		{06AC1BE3-C2A9-49B9-AB1C-AF4C1E0372DA} = {06AC1BE3-C2A9-49B9-AB1C-AF4C1E0372DA}
		{80C783F3-3AF3-4D33-87CD-85C8641A96E9} = {80C783F3-3AF3-4D33-87CD-85C8641A96E9}
	EndProjectSection
EndProject
Project("{8BC9CEB8-8B4A-11D0-8D11-00A0C91BC942}") = "meditor2.en", "meditor2_en\meditor2_en.vcproj", "{A29D484B-0DCE-419C-A9A9-3B1F75C54ECE}"
EndProject
Project("{8BC9CEB8-8B4A-11D0-8D11-00A0C91BC942}") = "meditor2.tc", "meditor2_tc\meditor2_tc.vcproj", "{CE4F59E3-B75A-4DAA-B1F2-C4AD4C9EDEDD}"
EndProject
Project("{8BC9CEB8-8B4A-11D0-8D11-00A0C91BC942}") = "AdvComboBox", "AdvComboBox\AdvComboBox.vcproj", "{80C783F3-3AF3-4D33-87CD-85C8641A96E9}"
EndProject
Project("{8BC9CEB8-8B4A-11D0-8D11-00A0C91BC942}") = "XListCtrlSS", "XListCtrl\XListCtrlLib\XListCtrlSS.vcproj", "{E83123C0-35D3-47EB-AED0-224E22ADD240}"
EndProject
Project("{8BC9CEB8-8B4A-11D0-8D11-00A0C91BC942}") = "7zDec", "7zDec\Archive\7z\7z_C.vcproj", "{900F86AC-C8E2-4861-95AF-E171DB4909FA}"
EndProject
Project("{8BC9CEB8-8B4A-11D0-8D11-00A0C91BC942}") = "micons", "micons\micons.vcproj", "{28D9AFF3-79B4-48F6-9A1B-DF504BCEC824}"
EndProject
Project("{2150E333-8FDC-42A3-9474-1A3956D46DE8}") = "Depend", "Depend", "{BA13D234-67C2-46FA-A0E4-726B13365D0D}"
EndProject
Project("{8BC9CEB8-8B4A-11D0-8D11-00A0C91BC942}") = "massoc", "massoc\massoc.vcproj", "{06AC1BE3-C2A9-49B9-AB1C-AF4C1E0372DA}"
	ProjectSection(ProjectDependencies) = postProject
		{9592355B-59BD-4654-9D3E-904A99FFA615} = {9592355B-59BD-4654-9D3E-904A99FFA615}
		{3F4FF3AA-7D81-4D1B-A9D0-8BBFF4FB01F3} = {3F4FF3AA-7D81-4D1B-A9D0-8BBFF4FB01F3}
		{E83123C0-35D3-47EB-AED0-224E22ADD240} = {E83123C0-35D3-47EB-AED0-224E22ADD240}
		{80C783F3-3AF3-4D33-87CD-85C8641A96E9} = {80C783F3-3AF3-4D33-87CD-85C8641A96E9}
	EndProjectSection
EndProject
Project("{8BC9CEB8-8B4A-11D0-8D11-00A0C91BC942}") = "CxImage", "CxImage\CxImage\cximage.vcproj", "{3F4FF3AA-7D81-4D1B-A9D0-8BBFF4FB01F3}"
EndProject
Project("{8BC9CEB8-8B4A-11D0-8D11-00A0C91BC942}") = "jpeg", "CxImage\jpeg\Jpeg.vcproj", "{9592355B-59BD-4654-9D3E-904A99FFA615}"
EndProject
Project("{8BC9CEB8-8B4A-11D0-8D11-00A0C91BC942}") = "mloader", "mloader\mloader.vcproj", "{DD13CE10-3177-46AA-92A6-AB7564E09968}"
EndProject
Global
	GlobalSection(SolutionConfigurationPlatforms) = preSolution
		Debug|Win32 = Debug|Win32
		Release_Large|Win32 = Release_Large|Win32
		Release|Win32 = Release|Win32
	EndGlobalSection
	GlobalSection(ProjectConfigurationPlatforms) = postSolution
		{ADB8641F-CDA8-470D-B8CC-5CE1168465AA}.Debug|Win32.ActiveCfg = Debug|Win32
		{ADB8641F-CDA8-470D-B8CC-5CE1168465AA}.Debug|Win32.Build.0 = Debug|Win32
		{ADB8641F-CDA8-470D-B8CC-5CE1168465AA}.Release_Large|Win32.ActiveCfg = Release|Win32
		{ADB8641F-CDA8-470D-B8CC-5CE1168465AA}.Release_Large|Win32.Build.0 = Release|Win32
		{ADB8641F-CDA8-470D-B8CC-5CE1168465AA}.Release|Win32.ActiveCfg = Release|Win32
		{ADB8641F-CDA8-470D-B8CC-5CE1168465AA}.Release|Win32.Build.0 = Release|Win32
		{A29D484B-0DCE-419C-A9A9-3B1F75C54ECE}.Debug|Win32.ActiveCfg = Release|Win32
		{A29D484B-0DCE-419C-A9A9-3B1F75C54ECE}.Debug|Win32.Build.0 = Release|Win32
		{A29D484B-0DCE-419C-A9A9-3B1F75C54ECE}.Release_Large|Win32.ActiveCfg = Release|Win32
		{A29D484B-0DCE-419C-A9A9-3B1F75C54ECE}.Release_Large|Win32.Build.0 = Release|Win32
		{A29D484B-0DCE-419C-A9A9-3B1F75C54ECE}.Release|Win32.ActiveCfg = Release|Win32
		{A29D484B-0DCE-419C-A9A9-3B1F75C54ECE}.Release|Win32.Build.0 = Release|Win32
		{CE4F59E3-B75A-4DAA-B1F2-C4AD4C9EDEDD}.Debug|Win32.ActiveCfg = Release|Win32
		{CE4F59E3-B75A-4DAA-B1F2-C4AD4C9EDEDD}.Debug|Win32.Build.0 = Release|Win32
		{CE4F59E3-B75A-4DAA-B1F2-C4AD4C9EDEDD}.Release_Large|Win32.ActiveCfg = Release|Win32
		{CE4F59E3-B75A-4DAA-B1F2-C4AD4C9EDEDD}.Release_Large|Win32.Build.0 = Release|Win32
		{CE4F59E3-B75A-4DAA-B1F2-C4AD4C9EDEDD}.Release|Win32.ActiveCfg = Release|Win32
		{CE4F59E3-B75A-4DAA-B1F2-C4AD4C9EDEDD}.Release|Win32.Build.0 = Release|Win32
		{80C783F3-3AF3-4D33-87CD-85C8641A96E9}.Debug|Win32.ActiveCfg = Debug|Win32
		{80C783F3-3AF3-4D33-87CD-85C8641A96E9}.Debug|Win32.Build.0 = Debug|Win32
		{80C783F3-3AF3-4D33-87CD-85C8641A96E9}.Release_Large|Win32.ActiveCfg = Release|Win32
		{80C783F3-3AF3-4D33-87CD-85C8641A96E9}.Release_Large|Win32.Build.0 = Release|Win32
		{80C783F3-3AF3-4D33-87CD-85C8641A96E9}.Release|Win32.ActiveCfg = Release|Win32
		{80C783F3-3AF3-4D33-87CD-85C8641A96E9}.Release|Win32.Build.0 = Release|Win32
		{E83123C0-35D3-47EB-AED0-224E22ADD240}.Debug|Win32.ActiveCfg = Debug|Win32
		{E83123C0-35D3-47EB-AED0-224E22ADD240}.Debug|Win32.Build.0 = Debug|Win32
		{E83123C0-35D3-47EB-AED0-224E22ADD240}.Release_Large|Win32.ActiveCfg = Release|Win32
		{E83123C0-35D3-47EB-AED0-224E22ADD240}.Release_Large|Win32.Build.0 = Release|Win32
		{E83123C0-35D3-47EB-AED0-224E22ADD240}.Release|Win32.ActiveCfg = Release|Win32
		{E83123C0-35D3-47EB-AED0-224E22ADD240}.Release|Win32.Build.0 = Release|Win32
		{900F86AC-C8E2-4861-95AF-E171DB4909FA}.Debug|Win32.ActiveCfg = Debug|Win32
		{900F86AC-C8E2-4861-95AF-E171DB4909FA}.Debug|Win32.Build.0 = Debug|Win32
		{900F86AC-C8E2-4861-95AF-E171DB4909FA}.Release_Large|Win32.ActiveCfg = Release|Win32
		{900F86AC-C8E2-4861-95AF-E171DB4909FA}.Release_Large|Win32.Build.0 = Release|Win32
		{900F86AC-C8E2-4861-95AF-E171DB4909FA}.Release|Win32.ActiveCfg = Release|Win32
		{900F86AC-C8E2-4861-95AF-E171DB4909FA}.Release|Win32.Build.0 = Release|Win32
		{28D9AFF3-79B4-48F6-9A1B-DF504BCEC824}.Debug|Win32.ActiveCfg = Release|Win32
		{28D9AFF3-79B4-48F6-9A1B-DF504BCEC824}.Release_Large|Win32.ActiveCfg = Release_Large|Win32
		{28D9AFF3-79B4-48F6-9A1B-DF504BCEC824}.Release_Large|Win32.Build.0 = Release_Large|Win32
		{28D9AFF3-79B4-48F6-9A1B-DF504BCEC824}.Release|Win32.ActiveCfg = Release|Win32
		{28D9AFF3-79B4-48F6-9A1B-DF504BCEC824}.Release|Win32.Build.0 = Release|Win32
		{06AC1BE3-C2A9-49B9-AB1C-AF4C1E0372DA}.Debug|Win32.ActiveCfg = Debug|Win32
		{06AC1BE3-C2A9-49B9-AB1C-AF4C1E0372DA}.Debug|Win32.Build.0 = Debug|Win32
		{06AC1BE3-C2A9-49B9-AB1C-AF4C1E0372DA}.Release_Large|Win32.ActiveCfg = Release|Win32
		{06AC1BE3-C2A9-49B9-AB1C-AF4C1E0372DA}.Release_Large|Win32.Build.0 = Release|Win32
		{06AC1BE3-C2A9-49B9-AB1C-AF4C1E0372DA}.Release|Win32.ActiveCfg = Release|Win32
		{06AC1BE3-C2A9-49B9-AB1C-AF4C1E0372DA}.Release|Win32.Build.0 = Release|Win32
		{3F4FF3AA-7D81-4D1B-A9D0-8BBFF4FB01F3}.Debug|Win32.ActiveCfg = Debug|Win32
		{3F4FF3AA-7D81-4D1B-A9D0-8BBFF4FB01F3}.Debug|Win32.Build.0 = Debug|Win32
		{3F4FF3AA-7D81-4D1B-A9D0-8BBFF4FB01F3}.Release_Large|Win32.ActiveCfg = Release|Win32
		{3F4FF3AA-7D81-4D1B-A9D0-8BBFF4FB01F3}.Release_Large|Win32.Build.0 = Release|Win32
		{3F4FF3AA-7D81-4D1B-A9D0-8BBFF4FB01F3}.Release|Win32.ActiveCfg = Release|Win32
		{3F4FF3AA-7D81-4D1B-A9D0-8BBFF4FB01F3}.Release|Win32.Build.0 = Release|Win32
		{9592355B-59BD-4654-9D3E-904A99FFA615}.Debug|Win32.ActiveCfg = Debug|Win32
		{9592355B-59BD-4654-9D3E-904A99FFA615}.Debug|Win32.Build.0 = Debug|Win32
		{9592355B-59BD-4654-9D3E-904A99FFA615}.Release_Large|Win32.ActiveCfg = Release|Win32
		{9592355B-59BD-4654-9D3E-904A99FFA615}.Release_Large|Win32.Build.0 = Release|Win32
		{9592355B-59BD-4654-9D3E-904A99FFA615}.Release|Win32.ActiveCfg = Release|Win32
		{9592355B-59BD-4654-9D3E-904A99FFA615}.Release|Win32.Build.0 = Release|Win32
		{DD13CE10-3177-46AA-92A6-AB7564E09968}.Debug|Win32.ActiveCfg = Debug|Win32
		{DD13CE10-3177-46AA-92A6-AB7564E09968}.Debug|Win32.Build.0 = Debug|Win32
		{DD13CE10-3177-46AA-92A6-AB7564E09968}.Release_Large|Win32.ActiveCfg = Release|Win32
		{DD13CE10-3177-46AA-92A6-AB7564E09968}.Release_Large|Win32.Build.0 = Release|Win32
		{DD13CE10-3177-46AA-92A6-AB7564E09968}.Release|Win32.ActiveCfg = Release|Win32
		{DD13CE10-3177-46AA-92A6-AB7564E09968}.Release|Win32.Build.0 = Release|Win32
	EndGlobalSection
	GlobalSection(SolutionProperties) = preSolution
		HideSolutionNode = FALSE
	EndGlobalSection
	GlobalSection(NestedProjects) = preSolution
		{E83123C0-35D3-47EB-AED0-224E22ADD240} = {BA13D234-67C2-46FA-A0E4-726B13365D0D}
		{900F86AC-C8E2-4861-95AF-E171DB4909FA} = {BA13D234-67C2-46FA-A0E4-726B13365D0D}
		{80C783F3-3AF3-4D33-87CD-85C8641A96E9} = {BA13D234-67C2-46FA-A0E4-726B13365D0D}
		{3F4FF3AA-7D81-4D1B-A9D0-8BBFF4FB01F3} = {BA13D234-67C2-46FA-A0E4-726B13365D0D}
		{9592355B-59BD-4654-9D3E-904A99FFA615} = {BA13D234-67C2-46FA-A0E4-726B13365D0D}
	EndGlobalSection
EndGlobal
