
Microsoft Visual Studio Solution File, Format Version 10.00
# Visual Studio 2008
Project("{8BC9CEB8-8B4A-11D0-8D11-00A0C91BC942}") = "7z_C", "Archive\7z\7z_C.vcproj", "{900F86AC-C8E2-4861-95AF-E171DB4909FA}"
EndProject
Global
	GlobalSection(SolutionConfigurationPlatforms) = preSolution
		Debug|Win32 = Debug|Win32
		Release|Win32 = Release|Win32
	EndGlobalSection
	GlobalSection(ProjectConfigurationPlatforms) = postSolution
		{900F86AC-C8E2-4861-95AF-E171DB4909FA}.Debug|Win32.ActiveCfg = Debug|Win32
		{900F86AC-C8E2-4861-95AF-E171DB4909FA}.Debug|Win32.Build.0 = Debug|Win32
		{900F86AC-C8E2-4861-95AF-E171DB4909FA}.Release|Win32.ActiveCfg = Release|Win32
		{900F86AC-C8E2-4861-95AF-E171DB4909FA}.Release|Win32.Build.0 = Release|Win32
	EndGlobalSection
	GlobalSection(SolutionProperties) = preSolution
		HideSolutionNode = FALSE
	EndGlobalSection
EndGlobal
