<?xml version="1.0" encoding="utf-8"?>
<Project ToolsVersion="4.0" xmlns="http://schemas.microsoft.com/developer/msbuild/2003">
  <ItemGroup>
    <Filter Include="Source Files">
      <UniqueIdentifier>{768baaed-f87f-46dc-97da-281c97b0d0fd}</UniqueIdentifier>
      <Extensions>cpp;c;cxx;rc;def;r;odl;idl;hpj;bat</Extensions>
    </Filter>
    <Filter Include="Header Files">
      <UniqueIdentifier>{67633af9-545c-490d-af3b-b1e3052b64a5}</UniqueIdentifier>
      <Extensions>h;hpp;hxx;hm;inl</Extensions>
    </Filter>
  </ItemGroup>
  <ItemGroup>
    <ClCompile Include="..\XListCtrl\AdvComboBox.cpp">
      <Filter>Source Files</Filter>
    </ClCompile>
    <ClCompile Include="..\XListCtrl\AdvComboEdit.cpp">
      <Filter>Source Files</Filter>
    </ClCompile>
    <ClCompile Include="..\XListCtrl\DropListBox.cpp">
      <Filter>Source Files</Filter>
    </ClCompile>
    <ClCompile Include="..\XListCtrl\DropScrollBar.cpp">
      <Filter>Source Files</Filter>
    </ClCompile>
    <ClCompile Include="..\XListCtrl\DropWnd.cpp">
      <Filter>Source Files</Filter>
    </ClCompile>
    <ClCompile Include="StdAfx.cpp">
      <Filter>Source Files</Filter>
    </ClCompile>
    <ClCompile Include="..\XListCtrl\VisualStylesXP.cpp">
      <Filter>Source Files</Filter>
    </ClCompile>
    <ClCompile Include="..\XListCtrl\XCombo.cpp">
      <Filter>Source Files</Filter>
    </ClCompile>
    <ClCompile Include="..\XListCtrl\XComboList.cpp">
      <Filter>Source Files</Filter>
    </ClCompile>
    <ClCompile Include="..\XListCtrl\XEdit.cpp">
      <Filter>Source Files</Filter>
    </ClCompile>
    <ClCompile Include="..\XListCtrl\XHeaderCtrl.cpp">
      <Filter>Source Files</Filter>
    </ClCompile>
    <ClCompile Include="..\XListCtrl\XListCtrl.cpp">
      <Filter>Source Files</Filter>
    </ClCompile>
  </ItemGroup>
  <ItemGroup>
    <ClInclude Include="..\XListCtrl\AdvComboBox.h">
      <Filter>Header Files</Filter>
    </ClInclude>
    <ClInclude Include="..\XListCtrl\AdvComboEdit.h">
      <Filter>Header Files</Filter>
    </ClInclude>
    <ClInclude Include="..\XListCtrl\DropListBox.h">
      <Filter>Header Files</Filter>
    </ClInclude>
    <ClInclude Include="..\XListCtrl\DropScrollBar.h">
      <Filter>Header Files</Filter>
    </ClInclude>
    <ClInclude Include="..\XListCtrl\DropWnd.h">
      <Filter>Header Files</Filter>
    </ClInclude>
    <ClInclude Include="..\XListCtrl\MemDC.h">
      <Filter>Header Files</Filter>
    </ClInclude>
    <ClInclude Include="..\XListCtrl\SortCStringArray.h">
      <Filter>Header Files</Filter>
    </ClInclude>
    <ClInclude Include="StdAfx.h">
      <Filter>Header Files</Filter>
    </ClInclude>
    <ClInclude Include="..\XListCtrl\VisualStylesXP.h">
      <Filter>Header Files</Filter>
    </ClInclude>
    <ClInclude Include="..\XListCtrl\XCombo.h">
      <Filter>Header Files</Filter>
    </ClInclude>
    <ClInclude Include="..\XListCtrl\XComboList.h">
      <Filter>Header Files</Filter>
    </ClInclude>
    <ClInclude Include="..\XListCtrl\XEdit.h">
      <Filter>Header Files</Filter>
    </ClInclude>
    <ClInclude Include="..\XListCtrl\XHeaderCtrl.h">
      <Filter>Header Files</Filter>
    </ClInclude>
    <ClInclude Include="..\XListCtrl\XListCtrl.h">
      <Filter>Header Files</Filter>
    </ClInclude>
    <ClInclude Include="..\XListCtrl\XTrace.h">
      <Filter>Header Files</Filter>
    </ClInclude>
  </ItemGroup>
</Project>