<?xml version="1.0" encoding="utf-8"?>
<Project ToolsVersion="4.0" xmlns="http://schemas.microsoft.com/developer/msbuild/2003">
  <ItemGroup>
    <Filter Include="Common">
      <UniqueIdentifier>{69f64c5d-b233-40b6-8833-e3fd757aac12}</UniqueIdentifier>
    </Filter>
  </ItemGroup>
  <ItemGroup>
    <ClCompile Include="..\..\7zBuf.c">
      <Filter>Common</Filter>
    </ClCompile>
    <ClCompile Include="..\..\7zCrc.c">
      <Filter>Common</Filter>
    </ClCompile>
    <ClCompile Include="..\..\7zFile.c">
      <Filter>Common</Filter>
    </ClCompile>
    <ClCompile Include="..\..\7zStream.c">
      <Filter>Common</Filter>
    </ClCompile>
    <ClCompile Include="..\..\Bcj2.c">
      <Filter>Common</Filter>
    </ClCompile>
    <ClCompile Include="..\..\Bra86.c">
      <Filter>Common</Filter>
    </ClCompile>
    <ClCompile Include="..\..\LzmaDec.c">
      <Filter>Common</Filter>
    </ClCompile>
    <ClCompile Include="7zAlloc.c" />
    <ClCompile Include="7zDec.c" />
    <ClCompile Include="7zDecode.c" />
    <ClCompile Include="7zExtract.c" />
    <ClCompile Include="7zHeader.c" />
    <ClCompile Include="7zIn.c" />
    <ClCompile Include="7zItem.c" />
  </ItemGroup>
  <ItemGroup>
    <ClInclude Include="..\..\7zBuf.h">
      <Filter>Common</Filter>
    </ClInclude>
    <ClInclude Include="..\..\7zCrc.h">
      <Filter>Common</Filter>
    </ClInclude>
    <ClInclude Include="..\..\7zFile.h">
      <Filter>Common</Filter>
    </ClInclude>
    <ClInclude Include="..\..\Bcj2.h">
      <Filter>Common</Filter>
    </ClInclude>
    <ClInclude Include="..\..\Bra.h">
      <Filter>Common</Filter>
    </ClInclude>
    <ClInclude Include="..\..\LzmaDec.h">
      <Filter>Common</Filter>
    </ClInclude>
    <ClInclude Include="..\..\Types.h">
      <Filter>Common</Filter>
    </ClInclude>
    <ClInclude Include="7zAlloc.h" />
    <ClInclude Include="7zDecode.h" />
    <ClInclude Include="7zExtract.h" />
    <ClInclude Include="7zHeader.h" />
    <ClInclude Include="7zIn.h" />
    <ClInclude Include="7zItem.h" />
  </ItemGroup>
</Project>