
Microsoft Visual Studio Solution File, Format Version 10.00
# Visual Studio 2008
Project("{8BC9CEB8-8B4A-11D0-8D11-00A0C91BC942}") = "DialogDD", "Dialog\DialogDD.vcproj", "{08DC30B2-4E20-4ABC-929D-E41D40E8D3E2}"
	ProjectSection(ProjectDependencies) = postProject
		{3B250E00-4868-497E-91F0-36220A473D7C} = {3B250E00-4868-497E-91F0-36220A473D7C}
	EndProjectSection
EndProject
Project("{8BC9CEB8-8B4A-11D0-8D11-00A0C91BC942}") = "DialogDS", "Dialog\DialogDS.vcproj", "{656E3684-4172-482C-9DCA-48BB0F2FF353}"
	ProjectSection(ProjectDependencies) = postProject
		{684FED9B-BBDD-4066-AD8F-8EB44D7BE8F2} = {684FED9B-BBDD-4066-AD8F-8EB44D7BE8F2}
	EndProjectSection
EndProject
Project("{8BC9CEB8-8B4A-11D0-8D11-00A0C91BC942}") = "DialogSS", "Dialog\DialogSS.vcproj", "{898A2661-54B6-4869-A535-D00FB1A608A1}"
	ProjectSection(ProjectDependencies) = postProject
		{E83123C0-35D3-47EB-AED0-224E22ADD240} = {E83123C0-35D3-47EB-AED0-224E22ADD240}
	EndProjectSection
EndProject
Project("{8BC9CEB8-8B4A-11D0-8D11-00A0C91BC942}") = "MDI", "MDI\MDI.vcproj", "{6E3E4D5D-2D4B-4C99-A832-CF1D71B53ABE}"
	ProjectSection(ProjectDependencies) = postProject
		{3B250E00-4868-497E-91F0-36220A473D7C} = {3B250E00-4868-497E-91F0-36220A473D7C}
	EndProjectSection
EndProject
Project("{8BC9CEB8-8B4A-11D0-8D11-00A0C91BC942}") = "PropertySheet", "PropertySheet\PropertySheet.vcproj", "{8A786141-52B7-4486-A319-36C2C6A41D5A}"
	ProjectSection(ProjectDependencies) = postProject
		{3B250E00-4868-497E-91F0-36220A473D7C} = {3B250E00-4868-497E-91F0-36220A473D7C}
	EndProjectSection
EndProject
Project("{8BC9CEB8-8B4A-11D0-8D11-00A0C91BC942}") = "XListCtrlDD", "XListCtrlLib\XListCtrlDD.vcproj", "{3B250E00-4868-497E-91F0-36220A473D7C}"
EndProject
Project("{8BC9CEB8-8B4A-11D0-8D11-00A0C91BC942}") = "XListCtrlDS", "XListCtrlLib\XListCtrlDS.vcproj", "{684FED9B-BBDD-4066-AD8F-8EB44D7BE8F2}"
EndProject
Project("{8BC9CEB8-8B4A-11D0-8D11-00A0C91BC942}") = "XListCtrlSS", "XListCtrlLib\XListCtrlSS.vcproj", "{E83123C0-35D3-47EB-AED0-224E22ADD240}"
EndProject
Global
	GlobalSection(SolutionConfigurationPlatforms) = preSolution
		Debug Unicode|Win32 = Debug Unicode|Win32
		Debug|Win32 = Debug|Win32
		Release Unicode|Win32 = Release Unicode|Win32
		Release|Win32 = Release|Win32
	EndGlobalSection
	GlobalSection(ProjectConfigurationPlatforms) = postSolution
		{08DC30B2-4E20-4ABC-929D-E41D40E8D3E2}.Debug Unicode|Win32.ActiveCfg = Debug Unicode|Win32
		{08DC30B2-4E20-4ABC-929D-E41D40E8D3E2}.Debug|Win32.ActiveCfg = Debug|Win32
		{08DC30B2-4E20-4ABC-929D-E41D40E8D3E2}.Debug|Win32.Build.0 = Debug|Win32
		{08DC30B2-4E20-4ABC-929D-E41D40E8D3E2}.Release Unicode|Win32.ActiveCfg = Release Unicode|Win32
		{08DC30B2-4E20-4ABC-929D-E41D40E8D3E2}.Release|Win32.ActiveCfg = Release|Win32
		{08DC30B2-4E20-4ABC-929D-E41D40E8D3E2}.Release|Win32.Build.0 = Release|Win32
		{656E3684-4172-482C-9DCA-48BB0F2FF353}.Debug Unicode|Win32.ActiveCfg = Debug Unicode|Win32
		{656E3684-4172-482C-9DCA-48BB0F2FF353}.Debug|Win32.ActiveCfg = Debug|Win32
		{656E3684-4172-482C-9DCA-48BB0F2FF353}.Debug|Win32.Build.0 = Debug|Win32
		{656E3684-4172-482C-9DCA-48BB0F2FF353}.Release Unicode|Win32.ActiveCfg = Release Unicode|Win32
		{656E3684-4172-482C-9DCA-48BB0F2FF353}.Release|Win32.ActiveCfg = Release|Win32
		{656E3684-4172-482C-9DCA-48BB0F2FF353}.Release|Win32.Build.0 = Release|Win32
		{898A2661-54B6-4869-A535-D00FB1A608A1}.Debug Unicode|Win32.ActiveCfg = Debug Unicode|Win32
		{898A2661-54B6-4869-A535-D00FB1A608A1}.Debug|Win32.ActiveCfg = Debug|Win32
		{898A2661-54B6-4869-A535-D00FB1A608A1}.Debug|Win32.Build.0 = Debug|Win32
		{898A2661-54B6-4869-A535-D00FB1A608A1}.Release Unicode|Win32.ActiveCfg = Release Unicode|Win32
		{898A2661-54B6-4869-A535-D00FB1A608A1}.Release|Win32.ActiveCfg = Release|Win32
		{898A2661-54B6-4869-A535-D00FB1A608A1}.Release|Win32.Build.0 = Release|Win32
		{6E3E4D5D-2D4B-4C99-A832-CF1D71B53ABE}.Debug Unicode|Win32.ActiveCfg = Debug|Win32
		{6E3E4D5D-2D4B-4C99-A832-CF1D71B53ABE}.Debug|Win32.ActiveCfg = Debug|Win32
		{6E3E4D5D-2D4B-4C99-A832-CF1D71B53ABE}.Debug|Win32.Build.0 = Debug|Win32
		{6E3E4D5D-2D4B-4C99-A832-CF1D71B53ABE}.Release Unicode|Win32.ActiveCfg = Release|Win32
		{6E3E4D5D-2D4B-4C99-A832-CF1D71B53ABE}.Release|Win32.ActiveCfg = Release|Win32
		{6E3E4D5D-2D4B-4C99-A832-CF1D71B53ABE}.Release|Win32.Build.0 = Release|Win32
		{8A786141-52B7-4486-A319-36C2C6A41D5A}.Debug Unicode|Win32.ActiveCfg = Debug|Win32
		{8A786141-52B7-4486-A319-36C2C6A41D5A}.Debug|Win32.ActiveCfg = Debug|Win32
		{8A786141-52B7-4486-A319-36C2C6A41D5A}.Debug|Win32.Build.0 = Debug|Win32
		{8A786141-52B7-4486-A319-36C2C6A41D5A}.Release Unicode|Win32.ActiveCfg = Release|Win32
		{8A786141-52B7-4486-A319-36C2C6A41D5A}.Release|Win32.ActiveCfg = Release|Win32
		{8A786141-52B7-4486-A319-36C2C6A41D5A}.Release|Win32.Build.0 = Release|Win32
		{3B250E00-4868-497E-91F0-36220A473D7C}.Debug Unicode|Win32.ActiveCfg = Debug Unicode|Win32
		{3B250E00-4868-497E-91F0-36220A473D7C}.Debug|Win32.ActiveCfg = Debug|Win32
		{3B250E00-4868-497E-91F0-36220A473D7C}.Debug|Win32.Build.0 = Debug|Win32
		{3B250E00-4868-497E-91F0-36220A473D7C}.Release Unicode|Win32.ActiveCfg = Release Unicode|Win32
		{3B250E00-4868-497E-91F0-36220A473D7C}.Release|Win32.ActiveCfg = Release|Win32
		{3B250E00-4868-497E-91F0-36220A473D7C}.Release|Win32.Build.0 = Release|Win32
		{684FED9B-BBDD-4066-AD8F-8EB44D7BE8F2}.Debug Unicode|Win32.ActiveCfg = Debug Unicode|Win32
		{684FED9B-BBDD-4066-AD8F-8EB44D7BE8F2}.Debug|Win32.ActiveCfg = Debug|Win32
		{684FED9B-BBDD-4066-AD8F-8EB44D7BE8F2}.Debug|Win32.Build.0 = Debug|Win32
		{684FED9B-BBDD-4066-AD8F-8EB44D7BE8F2}.Release Unicode|Win32.ActiveCfg = Release Unicode|Win32
		{684FED9B-BBDD-4066-AD8F-8EB44D7BE8F2}.Release|Win32.ActiveCfg = Release|Win32
		{684FED9B-BBDD-4066-AD8F-8EB44D7BE8F2}.Release|Win32.Build.0 = Release|Win32
		{E83123C0-35D3-47EB-AED0-224E22ADD240}.Debug Unicode|Win32.ActiveCfg = Debug Unicode|Win32
		{E83123C0-35D3-47EB-AED0-224E22ADD240}.Debug Unicode|Win32.Build.0 = Debug Unicode|Win32
		{E83123C0-35D3-47EB-AED0-224E22ADD240}.Debug|Win32.ActiveCfg = Debug|Win32
		{E83123C0-35D3-47EB-AED0-224E22ADD240}.Debug|Win32.Build.0 = Debug|Win32
		{E83123C0-35D3-47EB-AED0-224E22ADD240}.Release Unicode|Win32.ActiveCfg = Release Unicode|Win32
		{E83123C0-35D3-47EB-AED0-224E22ADD240}.Release Unicode|Win32.Build.0 = Release Unicode|Win32
		{E83123C0-35D3-47EB-AED0-224E22ADD240}.Release|Win32.ActiveCfg = Release|Win32
		{E83123C0-35D3-47EB-AED0-224E22ADD240}.Release|Win32.Build.0 = Release|Win32
	EndGlobalSection
	GlobalSection(SolutionProperties) = preSolution
		HideSolutionNode = FALSE
	EndGlobalSection
EndGlobal
