<?xml version="1.0" encoding="utf-8"?>
<Project ToolsVersion="4.0" xmlns="http://schemas.microsoft.com/developer/msbuild/2003">
  <ItemGroup>
    <Filter Include="Source Files">
      <UniqueIdentifier>{e965063c-1b61-4dbe-8ae7-298b54aee341}</UniqueIdentifier>
      <Extensions>cpp;c;cxx;def;odl;idl;hpj;bat;asm</Extensions>
    </Filter>
    <Filter Include="Header Files">
      <UniqueIdentifier>{2a59b8cf-ce41-4271-a620-acb93bd8f066}</UniqueIdentifier>
      <Extensions>h;hpp;hxx;hm;inl;inc</Extensions>
    </Filter>
    <Filter Include="Resource Files">
      <UniqueIdentifier>{73ddbceb-50f4-42e9-8e92-210c1d81df0f}</UniqueIdentifier>
      <Extensions>rc;ico;cur;bmp;dlg;rc2;rct;bin;rgs;jpg;jpeg;jpe;manifest</Extensions>
    </Filter>
    <Filter Include="Header Files\Other">
      <UniqueIdentifier>{23b75bd6-5196-4b16-bd8b-d461ce027c48}</UniqueIdentifier>
    </Filter>
    <Filter Include="Source Files\Other">
      <UniqueIdentifier>{025cb05d-a4a0-494d-a1f9-81ab46519ecb}</UniqueIdentifier>
    </Filter>
    <Filter Include="Header Files\Depend">
      <UniqueIdentifier>{e1ccde4f-65a2-4622-85b9-a6107e364ae0}</UniqueIdentifier>
    </Filter>
    <Filter Include="Header Files\Page">
      <UniqueIdentifier>{2df38ab6-25e5-41bc-b5ad-ee95b9cd62ee}</UniqueIdentifier>
    </Filter>
    <Filter Include="Source Files\Page">
      <UniqueIdentifier>{7658d795-17db-4f83-8e52-3a6fcbc9ba33}</UniqueIdentifier>
    </Filter>
  </ItemGroup>
  <ItemGroup>
    <ClCompile Include="meditor3.cpp">
      <Filter>Source Files</Filter>
    </ClCompile>
    <ClCompile Include="stdafx.cpp">
      <Filter>Source Files</Filter>
    </ClCompile>
    <ClCompile Include="shared.cpp">
      <Filter>Source Files</Filter>
    </ClCompile>
    <ClCompile Include="ProgressDlg.cpp">
      <Filter>Source Files\Other</Filter>
    </ClCompile>
    <ClCompile Include="PlayerPage.cpp">
      <Filter>Source Files\Other</Filter>
    </ClCompile>
    <ClCompile Include="PreviewDlg.cpp">
      <Filter>Source Files\Other</Filter>
    </ClCompile>
    <ClCompile Include="UpdateDlg.cpp">
      <Filter>Source Files\Other</Filter>
    </ClCompile>
    <ClCompile Include="MainDlg.cpp">
      <Filter>Source Files</Filter>
    </ClCompile>
    <ClCompile Include="ResStr.cpp">
      <Filter>Source Files</Filter>
    </ClCompile>
    <ClCompile Include="AssocDlg.cpp">
      <Filter>Source Files\Page</Filter>
    </ClCompile>
    <ClCompile Include="InputDlg.cpp">
      <Filter>Source Files\Page</Filter>
    </ClCompile>
    <ClCompile Include="InputList.cpp">
      <Filter>Source Files\Page</Filter>
    </ClCompile>
    <ClCompile Include="Reg.cpp">
      <Filter>Source Files</Filter>
    </ClCompile>
    <ClCompile Include="AboutDlg.cpp">
      <Filter>Source Files\Other</Filter>
    </ClCompile>
    <ClCompile Include="FlashPlayerDlg.cpp">
      <Filter>Source Files\Other</Filter>
    </ClCompile>
    <ClCompile Include="DshowPlayerDlg.cpp">
      <Filter>Source Files\Other</Filter>
    </ClCompile>
    <ClCompile Include="CDXGraph.cpp">
      <Filter>Source Files\Other</Filter>
    </ClCompile>
  </ItemGroup>
  <ItemGroup>
    <ClInclude Include="MainDlg.h">
      <Filter>Header Files</Filter>
    </ClInclude>
    <ClInclude Include="resource.h">
      <Filter>Header Files</Filter>
    </ClInclude>
    <ClInclude Include="stdafx.h">
      <Filter>Header Files</Filter>
    </ClInclude>
    <ClInclude Include="shared.h">
      <Filter>Header Files</Filter>
    </ClInclude>
    <ClInclude Include="ProgressDlg.h">
      <Filter>Header Files\Other</Filter>
    </ClInclude>
    <ClInclude Include="PlayerPage.h">
      <Filter>Header Files\Other</Filter>
    </ClInclude>
    <ClInclude Include="PreviewDlg.h">
      <Filter>Header Files\Other</Filter>
    </ClInclude>
    <ClInclude Include="UpdateDlg.h">
      <Filter>Header Files\Other</Filter>
    </ClInclude>
    <ClInclude Include="ResStr.h">
      <Filter>Header Files</Filter>
    </ClInclude>
    <ClInclude Include="..\include\AtlStdioFile.h">
      <Filter>Header Files\Depend</Filter>
    </ClInclude>
    <ClInclude Include="..\include\ListCtrl\DragDrop.h">
      <Filter>Header Files\Depend</Filter>
    </ClInclude>
    <ClInclude Include="..\include\ListCtrl\DropArrows.h">
      <Filter>Header Files\Depend</Filter>
    </ClInclude>
    <ClInclude Include="..\include\ListCtrl\ListCombo.h">
      <Filter>Header Files\Depend</Filter>
    </ClInclude>
    <ClInclude Include="..\include\ListCtrl\ListCtrl.h">
      <Filter>Header Files\Depend</Filter>
    </ClInclude>
    <ClInclude Include="..\include\ListCtrl\ListDate.h">
      <Filter>Header Files\Depend</Filter>
    </ClInclude>
    <ClInclude Include="..\include\ListCtrl\ListEdit.h">
      <Filter>Header Files\Depend</Filter>
    </ClInclude>
    <ClInclude Include="..\include\ListCtrl\ListTypes.h">
      <Filter>Header Files\Depend</Filter>
    </ClInclude>
    <ClInclude Include="..\include\ListCtrl\TitleTip.h">
      <Filter>Header Files\Depend</Filter>
    </ClInclude>
    <ClInclude Include="InputDlg.h">
      <Filter>Header Files\Page</Filter>
    </ClInclude>
    <ClInclude Include="InputList.h">
      <Filter>Header Files\Page</Filter>
    </ClInclude>
    <ClInclude Include="AssocDlg.h">
      <Filter>Header Files\Page</Filter>
    </ClInclude>
    <ClInclude Include="Reg.h">
      <Filter>Header Files</Filter>
    </ClInclude>
    <ClInclude Include="AboutDlg.h">
      <Filter>Header Files\Other</Filter>
    </ClInclude>
    <ClInclude Include="FlashPlayerDlg.h">
      <Filter>Header Files\Other</Filter>
    </ClInclude>
    <ClInclude Include="flash10h.h">
      <Filter>Header Files\Depend</Filter>
    </ClInclude>
    <ClInclude Include="DshowPlayerDlg.h">
      <Filter>Header Files\Other</Filter>
    </ClInclude>
    <ClInclude Include="CDXGraph.h">
      <Filter>Header Files\Other</Filter>
    </ClInclude>
  </ItemGroup>
  <ItemGroup>
    <None Include="res\divider.cur">
      <Filter>Resource Files</Filter>
    </None>
    <None Include="res\hand.cur">
      <Filter>Resource Files</Filter>
    </None>
    <None Include="res\ListItems.bmp">
      <Filter>Resource Files</Filter>
    </None>
    <None Include="res\meditor3.ico">
      <Filter>Resource Files</Filter>
    </None>
    <None Include="res\TabItems.bmp">
      <Filter>Resource Files</Filter>
    </None>
    <None Include="res\logo.jpg">
      <Filter>Resource Files</Filter>
    </None>
    <None Include="res\input.7z">
      <Filter>Resource Files</Filter>
    </None>
    <None Include="res\btn_96.bmp">
      <Filter>Resource Files</Filter>
    </None>
  </ItemGroup>
  <ItemGroup>
    <ResourceCompile Include="meditor3.rc">
      <Filter>Resource Files</Filter>
    </ResourceCompile>
  </ItemGroup>
</Project>